{
  "name": "Streamify",
  "lockfileVersion": 3,
  "requires": true,
  "packages": {
    "": {
      "devDependencies": {
        "daisyui": "^5.0.53"
      }
    },
    "node_modules/daisyui": {
      "version": "5.0.53",
      "resolved": "https://registry.npmjs.org/daisyui/-/daisyui-5.0.53.tgz",
      "integrity": "sha512-uOt80dipPOhPeybJ7o+Y5CxqH9XLh9NDsVlwLL5cLZ5RUJF0WatPEQymWGN/EWiCvuYMD9qviPedF+ExhBJ25g==",
      "dev": true,
      "license": "MIT",
      "funding": {
        "url": "https://github.com/saadeghi/daisyui?sponsor=1"
      }
    }
  },
  "engines": {
    "node": "v22.15.0"
  }
}
